
Microsoft Visual Studio Solution File, Format Version 12.00
# Visual Studio Version 17
VisualStudioVersion = 17.4.33213.308
MinimumVisualStudioVersion = 10.0.40219.1
Project("{FAE04EC0-301F-11D3-BF4B-00C04F79EFBC}") = "TerritorEx.Api", "TerritorEx.Api\TerritorEx.Api.csproj", "{0FFDDFEB-99E6-4B81-902F-1420A54703FD}"
EndProject
Global
	GlobalSection(SolutionConfigurationPlatforms) = preSolution
		Debug|Any CPU = Debug|Any CPU
		Release|Any CPU = Release|Any CPU
	EndGlobalSection
	GlobalSection(ProjectConfigurationPlatforms) = postSolution
		{0FFDDFEB-99E6-4B81-902F-1420A54703FD}.Debug|Any CPU.ActiveCfg = Debug|Any CPU
		{0FFDDFEB-99E6-4B81-902F-1420A54703FD}.Debug|Any CPU.Build.0 = Debug|Any CPU
		{0FFDDFEB-99E6-4B81-902F-1420A54703FD}.Release|Any CPU.ActiveCfg = Release|Any CPU
		{0FFDDFEB-99E6-4B81-902F-1420A54703FD}.Release|Any CPU.Build.0 = Release|Any CPU
	EndGlobalSection
	GlobalSection(SolutionProperties) = preSolution
		HideSolutionNode = FALSE
	EndGlobalSection
	GlobalSection(ExtensibilityGlobals) = postSolution
		SolutionGuid = {79D73D7C-3C70-414B-9F74-CD0F5FB8EA36}
	EndGlobalSection
EndGlobal
